// !$*UTF8*$!
{
	archiveVersion = 1;
	classes = {
	};
	objectVersion = 52;
	objects = {

/* Begin PBXBuildFile section */
		770456EC251522F1006CC071 /* Common.h in Headers */ = {isa = PBXBuildFile; fileRef = 770456EA251522F1006CC071 /* Common.h */; settings = {ATTRIBUTES = (Public, ); }; };
		7704570525152373006CC071 /* UINavigationControllerExtension.swift in Sources */ = {isa = PBXBuildFile; fileRef = 770456F625152372006CC071 /* UINavigationControllerExtension.swift */; };
		7704570625152373006CC071 /* UIButtonExtension.swift in Sources */ = {isa = PBXBuildFile; fileRef = 770456F725152372006CC071 /* UIButtonExtension.swift */; };
		7704570725152373006CC071 /* UIColorExtension.swift in Sources */ = {isa = PBXBuildFile; fileRef = 770456F825152373006CC071 /* UIColorExtension.swift */; };
		7704570825152373006CC071 /* UITextFieldExtension.swift in Sources */ = {isa = PBXBuildFile; fileRef = 770456F925152373006CC071 /* UITextFieldExtension.swift */; };
		7704570925152373006CC071 /* UIViewExtension.swift in Sources */ = {isa = PBXBuildFile; fileRef = 770456FA25152373006CC071 /* UIViewExtension.swift */; };
		7704570A25152373006CC071 /* DateExtension.swift in Sources */ = {isa = PBXBuildFile; fileRef = 770456FB25152373006CC071 /* DateExtension.swift */; };
		7704570B25152373006CC071 /* StringExtension.swift in Sources */ = {isa = PBXBuildFile; fileRef = 770456FC25152373006CC071 /* StringExtension.swift */; };
		7704570C25152373006CC071 /* URLExtension.swift in Sources */ = {isa = PBXBuildFile; fileRef = 770456FD25152373006CC071 /* URLExtension.swift */; };
		7704570D25152373006CC071 /* UIImageExtension.swift in Sources */ = {isa = PBXBuildFile; fileRef = 770456FE25152373006CC071 /* UIImageExtension.swift */; };
		7704570E25152373006CC071 /* UITextViewExtension.swift in Sources */ = {isa = PBXBuildFile; fileRef = 770456FF25152373006CC071 /* UITextViewExtension.swift */; };
		7704570F25152373006CC071 /* NSAttributedStringExtension.swift in Sources */ = {isa = PBXBuildFile; fileRef = 7704570025152373006CC071 /* NSAttributedStringExtension.swift */; };
		7704571025152373006CC071 /* NSStringExtension.swift in Sources */ = {isa = PBXBuildFile; fileRef = 7704570125152373006CC071 /* NSStringExtension.swift */; };
		7704571125152373006CC071 /* UILabelExtension.swift in Sources */ = {isa = PBXBuildFile; fileRef = 7704570225152373006CC071 /* UILabelExtension.swift */; };
		7704571225152373006CC071 /* UIImageViewExtension.swift in Sources */ = {isa = PBXBuildFile; fileRef = 7704570325152373006CC071 /* UIImageViewExtension.swift */; };
		77045720251523BE006CC071 /* CommonScrollView.swift in Sources */ = {isa = PBXBuildFile; fileRef = 77045715251523BD006CC071 /* CommonScrollView.swift */; };
		77045721251523BE006CC071 /* CommonButton.swift in Sources */ = {isa = PBXBuildFile; fileRef = 77045716251523BD006CC071 /* CommonButton.swift */; };
		77045722251523BE006CC071 /* CommonCollectionViewHandler.swift in Sources */ = {isa = PBXBuildFile; fileRef = 77045717251523BD006CC071 /* CommonCollectionViewHandler.swift */; };
		77045723251523BE006CC071 /* CommonCollectionView.swift in Sources */ = {isa = PBXBuildFile; fileRef = 77045718251523BD006CC071 /* CommonCollectionView.swift */; };
		77045724251523BE006CC071 /* CommonTextView.swift in Sources */ = {isa = PBXBuildFile; fileRef = 77045719251523BD006CC071 /* CommonTextView.swift */; };
		77045725251523BE006CC071 /* CommonTableView.swift in Sources */ = {isa = PBXBuildFile; fileRef = 7704571A251523BD006CC071 /* CommonTableView.swift */; };
		77045726251523BE006CC071 /* CommonTextField.swift in Sources */ = {isa = PBXBuildFile; fileRef = 7704571B251523BD006CC071 /* CommonTextField.swift */; };
		77045727251523BE006CC071 /* CommonImageView.swift in Sources */ = {isa = PBXBuildFile; fileRef = 7704571C251523BD006CC071 /* CommonImageView.swift */; };
		77045728251523BE006CC071 /* CommonDateFormatter.swift in Sources */ = {isa = PBXBuildFile; fileRef = 7704571D251523BD006CC071 /* CommonDateFormatter.swift */; };
		77045729251523BE006CC071 /* CommonView.swift in Sources */ = {isa = PBXBuildFile; fileRef = 7704571E251523BD006CC071 /* CommonView.swift */; };
		7704572A251523BE006CC071 /* CommonLabel.swift in Sources */ = {isa = PBXBuildFile; fileRef = 7704571F251523BE006CC071 /* CommonLabel.swift */; };
		77045732251524AD006CC071 /* Assets.xcassets in Resources */ = {isa = PBXBuildFile; fileRef = 77045731251524AD006CC071 /* Assets.xcassets */; };
		7704575325152523006CC071 /* CommonCollectionReusableView.swift in Sources */ = {isa = PBXBuildFile; fileRef = 7704574C25152523006CC071 /* CommonCollectionReusableView.swift */; };
		7704575425152523006CC071 /* CommonViewController.swift in Sources */ = {isa = PBXBuildFile; fileRef = 7704574D25152523006CC071 /* CommonViewController.swift */; };
		7704575525152523006CC071 /* CommonCollectionViewCell.swift in Sources */ = {isa = PBXBuildFile; fileRef = 7704574E25152523006CC071 /* CommonCollectionViewCell.swift */; };
		7704575625152523006CC071 /* CommonViewModel.swift in Sources */ = {isa = PBXBuildFile; fileRef = 7704574F25152523006CC071 /* CommonViewModel.swift */; };
		7704575725152523006CC071 /* CommonTableReusableView.swift in Sources */ = {isa = PBXBuildFile; fileRef = 7704575025152523006CC071 /* CommonTableReusableView.swift */; };
		7704575825152523006CC071 /* CommonModel.swift in Sources */ = {isa = PBXBuildFile; fileRef = 7704575125152523006CC071 /* CommonModel.swift */; };
		7704575925152523006CC071 /* CommonTableViewCell.swift in Sources */ = {isa = PBXBuildFile; fileRef = 7704575225152523006CC071 /* CommonTableViewCell.swift */; };
		772BF2DA25187A9500359479 /* UIScrollViewExtension.swift in Sources */ = {isa = PBXBuildFile; fileRef = 772BF2D925187A9500359479 /* UIScrollViewExtension.swift */; };
		774D019B251B0541005F35B2 /* UIFontExtension.swift in Sources */ = {isa = PBXBuildFile; fileRef = 774D019A251B0541005F35B2 /* UIFontExtension.swift */; };
		776F6E5E251ACB2700C1A84B /* CommonApplicationManager.swift in Sources */ = {isa = PBXBuildFile; fileRef = 776F6E5D251ACB2700C1A84B /* CommonApplicationManager.swift */; };
		776F6E65251ACB7F00C1A84B /* CommonConfigManager.swift in Sources */ = {isa = PBXBuildFile; fileRef = 776F6E64251ACB7F00C1A84B /* CommonConfigManager.swift */; };
		776F6E69251ACBA800C1A84B /* CommonLogManager.swift in Sources */ = {isa = PBXBuildFile; fileRef = 776F6E68251ACBA800C1A84B /* CommonLogManager.swift */; };
		776F6E6D251ACC5C00C1A84B /* CommonNavigationManager.swift in Sources */ = {isa = PBXBuildFile; fileRef = 776F6E6C251ACC5C00C1A84B /* CommonNavigationManager.swift */; };
		776F6E71251ACCAE00C1A84B /* CommonNavigationController.swift in Sources */ = {isa = PBXBuildFile; fileRef = 776F6E70251ACCAE00C1A84B /* CommonNavigationController.swift */; };
		776F6E75251ACE6200C1A84B /* CommonFontManager.swift in Sources */ = {isa = PBXBuildFile; fileRef = 776F6E74251ACE6200C1A84B /* CommonFontManager.swift */; };
		776F6E79251ACEE700C1A84B /* CommonCacheManager.swift in Sources */ = {isa = PBXBuildFile; fileRef = 776F6E78251ACEE700C1A84B /* CommonCacheManager.swift */; };
		776F6E7D251AD15B00C1A84B /* CommonStorageManager.swift in Sources */ = {isa = PBXBuildFile; fileRef = 776F6E7C251AD15B00C1A84B /* CommonStorageManager.swift */; };
		776F6E81251AD29000C1A84B /* CommonUtilityManager.swift in Sources */ = {isa = PBXBuildFile; fileRef = 776F6E80251AD29000C1A84B /* CommonUtilityManager.swift */; };
		776F6E85251AD2C900C1A84B /* CommonColorManager.swift in Sources */ = {isa = PBXBuildFile; fileRef = 776F6E84251AD2C900C1A84B /* CommonColorManager.swift */; };
		776F6EA3251AD3DE00C1A84B /* CommonBackendManager.swift in Sources */ = {isa = PBXBuildFile; fileRef = 776F6EA2251AD3DE00C1A84B /* CommonBackendManager.swift */; };
		776F6F87251AE54B00C1A84B /* CommonTabBarController.swift in Sources */ = {isa = PBXBuildFile; fileRef = 776F6F86251AE54B00C1A84B /* CommonTabBarController.swift */; };
		77870C6D25191B2A0092CE5C /* UITableViewExtension.swift in Sources */ = {isa = PBXBuildFile; fileRef = 77870C6C25191B2A0092CE5C /* UITableViewExtension.swift */; };
		77870C7025191B850092CE5C /* CommonTableViewHandler.swift in Sources */ = {isa = PBXBuildFile; fileRef = 77870C6F25191B850092CE5C /* CommonTableViewHandler.swift */; };
		77870CCC251927FC0092CE5C /* CommonTextFieldHandler.swift in Sources */ = {isa = PBXBuildFile; fileRef = 77870CCB251927FC0092CE5C /* CommonTextFieldHandler.swift */; };
		7793AA622516729500910FAC /* CommonClosureSleeve.swift in Sources */ = {isa = PBXBuildFile; fileRef = 7793AA612516729500910FAC /* CommonClosureSleeve.swift */; };
		7793AA65251672B600910FAC /* UIControlExtension.swift in Sources */ = {isa = PBXBuildFile; fileRef = 7793AA64251672B600910FAC /* UIControlExtension.swift */; };
		7793AB822516CD4E00910FAC /* UICollectionViewExtension.swift in Sources */ = {isa = PBXBuildFile; fileRef = 7793AB812516CD4E00910FAC /* UICollectionViewExtension.swift */; };
		77E9AEDF25198A55002A8538 /* OnoKit.framework in Frameworks */ = {isa = PBXBuildFile; fileRef = 770456E7251522F1006CC071 /* OnoKit.framework */; platformFilter = ios; };
		77E9AEE925198A76002A8538 /* ExampleView.swift in Sources */ = {isa = PBXBuildFile; fileRef = 77E9AEE825198A76002A8538 /* ExampleView.swift */; };
		77E9AEEF25198A7E002A8538 /* ExampleViewModel.swift in Sources */ = {isa = PBXBuildFile; fileRef = 77E9AEEE25198A7E002A8538 /* ExampleViewModel.swift */; };
		77E9AEF625198A89002A8538 /* ExampleViewController.swift in Sources */ = {isa = PBXBuildFile; fileRef = 77E9AEF525198A89002A8538 /* ExampleViewController.swift */; };
		77E9AEFA25198BC1002A8538 /* ExampleViewModelTests.swift in Sources */ = {isa = PBXBuildFile; fileRef = 77E9AEF925198BC1002A8538 /* ExampleViewModelTests.swift */; };
		F3FF6975D3ADD9ACCA4E275C /* Pods_OnoKit.framework in Frameworks */ = {isa = PBXBuildFile; fileRef = 55A9E3F1689CD6C95BE0112C /* Pods_OnoKit.framework */; };
/* End PBXBuildFile section */

/* Begin PBXContainerItemProxy section */
		77E9AEE025198A55002A8538 /* PBXContainerItemProxy */ = {
			isa = PBXContainerItemProxy;
			containerPortal = 770456DE251522F0006CC071 /* Project object */;
			proxyType = 1;
			remoteGlobalIDString = 770456E6251522F0006CC071;
			remoteInfo = OnoKit;
		};
/* End PBXContainerItemProxy section */

/* Begin PBXFileReference section */
		55A9E3F1689CD6C95BE0112C /* Pods_OnoKit.framework */ = {isa = PBXFileReference; explicitFileType = wrapper.framework; includeInIndex = 0; path = Pods_OnoKit.framework; sourceTree = BUILT_PRODUCTS_DIR; };
		678736D52C2FCD745E0D3315 /* Pods-OnoKit.debug.xcconfig */ = {isa = PBXFileReference; includeInIndex = 1; lastKnownFileType = text.xcconfig; name = "Pods-OnoKit.debug.xcconfig"; path = "Target Support Files/Pods-OnoKit/Pods-OnoKit.debug.xcconfig"; sourceTree = "<group>"; };
		7020874F68DD9D1C4D9477CE /* Pods-OnoKit.release.xcconfig */ = {isa = PBXFileReference; includeInIndex = 1; lastKnownFileType = text.xcconfig; name = "Pods-OnoKit.release.xcconfig"; path = "Target Support Files/Pods-OnoKit/Pods-OnoKit.release.xcconfig"; sourceTree = "<group>"; };
		770456E7251522F1006CC071 /* OnoKit.framework */ = {isa = PBXFileReference; explicitFileType = wrapper.framework; includeInIndex = 0; path = OnoKit.framework; sourceTree = BUILT_PRODUCTS_DIR; };
		770456EA251522F1006CC071 /* Common.h */ = {isa = PBXFileReference; lastKnownFileType = sourcecode.c.h; path = Common.h; sourceTree = "<group>"; };
		770456EB251522F1006CC071 /* Info.plist */ = {isa = PBXFileReference; lastKnownFileType = text.plist.xml; path = Info.plist; sourceTree = "<group>"; };
		770456F625152372006CC071 /* UINavigationControllerExtension.swift */ = {isa = PBXFileReference; fileEncoding = 4; lastKnownFileType = sourcecode.swift; path = UINavigationControllerExtension.swift; sourceTree = "<group>"; };
		770456F725152372006CC071 /* UIButtonExtension.swift */ = {isa = PBXFileReference; fileEncoding = 4; lastKnownFileType = sourcecode.swift; path = UIButtonExtension.swift; sourceTree = "<group>"; };
		770456F825152373006CC071 /* UIColorExtension.swift */ = {isa = PBXFileReference; fileEncoding = 4; lastKnownFileType = sourcecode.swift; path = UIColorExtension.swift; sourceTree = "<group>"; };
		770456F925152373006CC071 /* UITextFieldExtension.swift */ = {isa = PBXFileReference; fileEncoding = 4; lastKnownFileType = sourcecode.swift; path = UITextFieldExtension.swift; sourceTree = "<group>"; };
		770456FA25152373006CC071 /* UIViewExtension.swift */ = {isa = PBXFileReference; fileEncoding = 4; lastKnownFileType = sourcecode.swift; path = UIViewExtension.swift; sourceTree = "<group>"; };
		770456FB25152373006CC071 /* DateExtension.swift */ = {isa = PBXFileReference; fileEncoding = 4; lastKnownFileType = sourcecode.swift; path = DateExtension.swift; sourceTree = "<group>"; };
		770456FC25152373006CC071 /* StringExtension.swift */ = {isa = PBXFileReference; fileEncoding = 4; lastKnownFileType = sourcecode.swift; path = StringExtension.swift; sourceTree = "<group>"; };
		770456FD25152373006CC071 /* URLExtension.swift */ = {isa = PBXFileReference; fileEncoding = 4; lastKnownFileType = sourcecode.swift; path = URLExtension.swift; sourceTree = "<group>"; };
		770456FE25152373006CC071 /* UIImageExtension.swift */ = {isa = PBXFileReference; fileEncoding = 4; lastKnownFileType = sourcecode.swift; path = UIImageExtension.swift; sourceTree = "<group>"; };
		770456FF25152373006CC071 /* UITextViewExtension.swift */ = {isa = PBXFileReference; fileEncoding = 4; lastKnownFileType = sourcecode.swift; path = UITextViewExtension.swift; sourceTree = "<group>"; };
		7704570025152373006CC071 /* NSAttributedStringExtension.swift */ = {isa = PBXFileReference; fileEncoding = 4; lastKnownFileType = sourcecode.swift; path = NSAttributedStringExtension.swift; sourceTree = "<group>"; };
		7704570125152373006CC071 /* NSStringExtension.swift */ = {isa = PBXFileReference; fileEncoding = 4; lastKnownFileType = sourcecode.swift; path = NSStringExtension.swift; sourceTree = "<group>"; };
		7704570225152373006CC071 /* UILabelExtension.swift */ = {isa = PBXFileReference; fileEncoding = 4; lastKnownFileType = sourcecode.swift; path = UILabelExtension.swift; sourceTree = "<group>"; };
		7704570325152373006CC071 /* UIImageViewExtension.swift */ = {isa = PBXFileReference; fileEncoding = 4; lastKnownFileType = sourcecode.swift; path = UIImageViewExtension.swift; sourceTree = "<group>"; };
		77045715251523BD006CC071 /* CommonScrollView.swift */ = {isa = PBXFileReference; fileEncoding = 4; lastKnownFileType = sourcecode.swift; path = CommonScrollView.swift; sourceTree = "<group>"; };
		77045716251523BD006CC071 /* CommonButton.swift */ = {isa = PBXFileReference; fileEncoding = 4; lastKnownFileType = sourcecode.swift; path = CommonButton.swift; sourceTree = "<group>"; };
		77045717251523BD006CC071 /* CommonCollectionViewHandler.swift */ = {isa = PBXFileReference; fileEncoding = 4; lastKnownFileType = sourcecode.swift; path = CommonCollectionViewHandler.swift; sourceTree = "<group>"; };
		77045718251523BD006CC071 /* CommonCollectionView.swift */ = {isa = PBXFileReference; fileEncoding = 4; lastKnownFileType = sourcecode.swift; path = CommonCollectionView.swift; sourceTree = "<group>"; };
		77045719251523BD006CC071 /* CommonTextView.swift */ = {isa = PBXFileReference; fileEncoding = 4; lastKnownFileType = sourcecode.swift; path = CommonTextView.swift; sourceTree = "<group>"; };
		7704571A251523BD006CC071 /* CommonTableView.swift */ = {isa = PBXFileReference; fileEncoding = 4; lastKnownFileType = sourcecode.swift; path = CommonTableView.swift; sourceTree = "<group>"; };
		7704571B251523BD006CC071 /* CommonTextField.swift */ = {isa = PBXFileReference; fileEncoding = 4; lastKnownFileType = sourcecode.swift; path = CommonTextField.swift; sourceTree = "<group>"; };
		7704571C251523BD006CC071 /* CommonImageView.swift */ = {isa = PBXFileReference; fileEncoding = 4; lastKnownFileType = sourcecode.swift; path = CommonImageView.swift; sourceTree = "<group>"; };
		7704571D251523BD006CC071 /* CommonDateFormatter.swift */ = {isa = PBXFileReference; fileEncoding = 4; lastKnownFileType = sourcecode.swift; path = CommonDateFormatter.swift; sourceTree = "<group>"; };
		7704571E251523BD006CC071 /* CommonView.swift */ = {isa = PBXFileReference; fileEncoding = 4; lastKnownFileType = sourcecode.swift; path = CommonView.swift; sourceTree = "<group>"; };
		7704571F251523BE006CC071 /* CommonLabel.swift */ = {isa = PBXFileReference; fileEncoding = 4; lastKnownFileType = sourcecode.swift; path = CommonLabel.swift; sourceTree = "<group>"; };
		77045731251524AD006CC071 /* Assets.xcassets */ = {isa = PBXFileReference; lastKnownFileType = folder.assetcatalog; path = Assets.xcassets; sourceTree = "<group>"; };
		7704574C25152523006CC071 /* CommonCollectionReusableView.swift */ = {isa = PBXFileReference; fileEncoding = 4; lastKnownFileType = sourcecode.swift; path = CommonCollectionReusableView.swift; sourceTree = "<group>"; };
		7704574D25152523006CC071 /* CommonViewController.swift */ = {isa = PBXFileReference; fileEncoding = 4; lastKnownFileType = sourcecode.swift; path = CommonViewController.swift; sourceTree = "<group>"; };
		7704574E25152523006CC071 /* CommonCollectionViewCell.swift */ = {isa = PBXFileReference; fileEncoding = 4; lastKnownFileType = sourcecode.swift; path = CommonCollectionViewCell.swift; sourceTree = "<group>"; };
		7704574F25152523006CC071 /* CommonViewModel.swift */ = {isa = PBXFileReference; fileEncoding = 4; lastKnownFileType = sourcecode.swift; path = CommonViewModel.swift; sourceTree = "<group>"; };
		7704575025152523006CC071 /* CommonTableReusableView.swift */ = {isa = PBXFileReference; fileEncoding = 4; lastKnownFileType = sourcecode.swift; path = CommonTableReusableView.swift; sourceTree = "<group>"; };
		7704575125152523006CC071 /* CommonModel.swift */ = {isa = PBXFileReference; fileEncoding = 4; lastKnownFileType = sourcecode.swift; path = CommonModel.swift; sourceTree = "<group>"; };
		7704575225152523006CC071 /* CommonTableViewCell.swift */ = {isa = PBXFileReference; fileEncoding = 4; lastKnownFileType = sourcecode.swift; path = CommonTableViewCell.swift; sourceTree = "<group>"; };
		772BF2D925187A9500359479 /* UIScrollViewExtension.swift */ = {isa = PBXFileReference; lastKnownFileType = sourcecode.swift; path = UIScrollViewExtension.swift; sourceTree = "<group>"; };
		774D019A251B0541005F35B2 /* UIFontExtension.swift */ = {isa = PBXFileReference; lastKnownFileType = sourcecode.swift; path = UIFontExtension.swift; sourceTree = "<group>"; };
		776F6E5D251ACB2700C1A84B /* CommonApplicationManager.swift */ = {isa = PBXFileReference; lastKnownFileType = sourcecode.swift; path = CommonApplicationManager.swift; sourceTree = "<group>"; };
		776F6E64251ACB7F00C1A84B /* CommonConfigManager.swift */ = {isa = PBXFileReference; lastKnownFileType = sourcecode.swift; path = CommonConfigManager.swift; sourceTree = "<group>"; };
		776F6E68251ACBA800C1A84B /* CommonLogManager.swift */ = {isa = PBXFileReference; lastKnownFileType = sourcecode.swift; path = CommonLogManager.swift; sourceTree = "<group>"; };
		776F6E6C251ACC5C00C1A84B /* CommonNavigationManager.swift */ = {isa = PBXFileReference; lastKnownFileType = sourcecode.swift; path = CommonNavigationManager.swift; sourceTree = "<group>"; };
		776F6E70251ACCAE00C1A84B /* CommonNavigationController.swift */ = {isa = PBXFileReference; lastKnownFileType = sourcecode.swift; path = CommonNavigationController.swift; sourceTree = "<group>"; };
		776F6E74251ACE6200C1A84B /* CommonFontManager.swift */ = {isa = PBXFileReference; lastKnownFileType = sourcecode.swift; path = CommonFontManager.swift; sourceTree = "<group>"; };
		776F6E78251ACEE700C1A84B /* CommonCacheManager.swift */ = {isa = PBXFileReference; lastKnownFileType = sourcecode.swift; path = CommonCacheManager.swift; sourceTree = "<group>"; };
		776F6E7C251AD15B00C1A84B /* CommonStorageManager.swift */ = {isa = PBXFileReference; lastKnownFileType = sourcecode.swift; path = CommonStorageManager.swift; sourceTree = "<group>"; };
		776F6E80251AD29000C1A84B /* CommonUtilityManager.swift */ = {isa = PBXFileReference; lastKnownFileType = sourcecode.swift; path = CommonUtilityManager.swift; sourceTree = "<group>"; };
		776F6E84251AD2C900C1A84B /* CommonColorManager.swift */ = {isa = PBXFileReference; lastKnownFileType = sourcecode.swift; path = CommonColorManager.swift; sourceTree = "<group>"; };
		776F6EA2251AD3DE00C1A84B /* CommonBackendManager.swift */ = {isa = PBXFileReference; lastKnownFileType = sourcecode.swift; path = CommonBackendManager.swift; sourceTree = "<group>"; };
		776F6F86251AE54B00C1A84B /* CommonTabBarController.swift */ = {isa = PBXFileReference; lastKnownFileType = sourcecode.swift; path = CommonTabBarController.swift; sourceTree = "<group>"; };
		77870C6C25191B2A0092CE5C /* UITableViewExtension.swift */ = {isa = PBXFileReference; lastKnownFileType = sourcecode.swift; path = UITableViewExtension.swift; sourceTree = "<group>"; };
		77870C6F25191B850092CE5C /* CommonTableViewHandler.swift */ = {isa = PBXFileReference; lastKnownFileType = sourcecode.swift; path = CommonTableViewHandler.swift; sourceTree = "<group>"; };
		77870CCB251927FC0092CE5C /* CommonTextFieldHandler.swift */ = {isa = PBXFileReference; lastKnownFileType = sourcecode.swift; path = CommonTextFieldHandler.swift; sourceTree = "<group>"; };
		7793AA612516729500910FAC /* CommonClosureSleeve.swift */ = {isa = PBXFileReference; lastKnownFileType = sourcecode.swift; path = CommonClosureSleeve.swift; sourceTree = "<group>"; };
		7793AA64251672B600910FAC /* UIControlExtension.swift */ = {isa = PBXFileReference; lastKnownFileType = sourcecode.swift; path = UIControlExtension.swift; sourceTree = "<group>"; };
		7793AB812516CD4E00910FAC /* UICollectionViewExtension.swift */ = {isa = PBXFileReference; lastKnownFileType = sourcecode.swift; path = UICollectionViewExtension.swift; sourceTree = "<group>"; };
		77E9AEDA25198A55002A8538 /* OnoKitTests.xctest */ = {isa = PBXFileReference; explicitFileType = wrapper.cfbundle; includeInIndex = 0; path = OnoKitTests.xctest; sourceTree = BUILT_PRODUCTS_DIR; };
		77E9AEDE25198A55002A8538 /* Info.plist */ = {isa = PBXFileReference; lastKnownFileType = text.plist.xml; path = Info.plist; sourceTree = "<group>"; };
		77E9AEE825198A76002A8538 /* ExampleView.swift */ = {isa = PBXFileReference; lastKnownFileType = sourcecode.swift; path = ExampleView.swift; sourceTree = "<group>"; };
		77E9AEEE25198A7E002A8538 /* ExampleViewModel.swift */ = {isa = PBXFileReference; lastKnownFileType = sourcecode.swift; path = ExampleViewModel.swift; sourceTree = "<group>"; };
		77E9AEF525198A89002A8538 /* ExampleViewController.swift */ = {isa = PBXFileReference; lastKnownFileType = sourcecode.swift; path = ExampleViewController.swift; sourceTree = "<group>"; };
		77E9AEF925198BC1002A8538 /* ExampleViewModelTests.swift */ = {isa = PBXFileReference; lastKnownFileType = sourcecode.swift; path = ExampleViewModelTests.swift; sourceTree = "<group>"; };
		969680373C63C20055DFA949 /* Pods-OnoCommon.debug.xcconfig */ = {isa = PBXFileReference; includeInIndex = 1; lastKnownFileType = text.xcconfig; name = "Pods-OnoCommon.debug.xcconfig"; path = "Target Support Files/Pods-OnoCommon/Pods-OnoCommon.debug.xcconfig"; sourceTree = "<group>"; };
		BBA679E72A357B6E2F971A96 /* Pods-OnoCommon.release.xcconfig */ = {isa = PBXFileReference; includeInIndex = 1; lastKnownFileType = text.xcconfig; name = "Pods-OnoCommon.release.xcconfig"; path = "Target Support Files/Pods-OnoCommon/Pods-OnoCommon.release.xcconfig"; sourceTree = "<group>"; };
		D9B2FECED0ECBEB2F5FCA534 /* Pods-Common.release.xcconfig */ = {isa = PBXFileReference; includeInIndex = 1; lastKnownFileType = text.xcconfig; name = "Pods-Common.release.xcconfig"; path = "Target Support Files/Pods-Common/Pods-Common.release.xcconfig"; sourceTree = "<group>"; };
		E9018241EAA291238C6A90A7 /* Pods-Common.debug.xcconfig */ = {isa = PBXFileReference; includeInIndex = 1; lastKnownFileType = text.xcconfig; name = "Pods-Common.debug.xcconfig"; path = "Target Support Files/Pods-Common/Pods-Common.debug.xcconfig"; sourceTree = "<group>"; };
/* End PBXFileReference section */

/* Begin PBXFrameworksBuildPhase section */
		770456E4251522F0006CC071 /* Frameworks */ = {
			isa = PBXFrameworksBuildPhase;
			buildActionMask = 2147483647;
			files = (
				F3FF6975D3ADD9ACCA4E275C /* Pods_OnoKit.framework in Frameworks */,
			);
			runOnlyForDeploymentPostprocessing = 0;
		};
		77E9AED725198A55002A8538 /* Frameworks */ = {
			isa = PBXFrameworksBuildPhase;
			buildActionMask = 2147483647;
			files = (
				77E9AEDF25198A55002A8538 /* OnoKit.framework in Frameworks */,
			);
			runOnlyForDeploymentPostprocessing = 0;
		};
/* End PBXFrameworksBuildPhase section */

/* Begin PBXGroup section */
		74E660A7E976FA58851907A5 /* Frameworks */ = {
			isa = PBXGroup;
			children = (
				55A9E3F1689CD6C95BE0112C /* Pods_OnoKit.framework */,
			);
			name = Frameworks;
			sourceTree = "<group>";
		};
		770456DD251522F0006CC071 = {
			isa = PBXGroup;
			children = (
				770456E9251522F1006CC071 /* OnoKit */,
				77E9AEDB25198A55002A8538 /* OnoKitTests */,
				770456E8251522F1006CC071 /* Products */,
				D862A78856655A581D570C6B /* Pods */,
				74E660A7E976FA58851907A5 /* Frameworks */,
			);
			sourceTree = "<group>";
		};
		770456E8251522F1006CC071 /* Products */ = {
			isa = PBXGroup;
			children = (
				770456E7251522F1006CC071 /* OnoKit.framework */,
				77E9AEDA25198A55002A8538 /* OnoKitTests.xctest */,
			);
			name = Products;
			sourceTree = "<group>";
		};
		770456E9251522F1006CC071 /* OnoKit */ = {
			isa = PBXGroup;
			children = (
				776F6E5C251ACB1B00C1A84B /* Managers */,
				77E9AEE725198A69002A8538 /* Example */,
				770457302515249E006CC071 /* Resources */,
				770456F425152330006CC071 /* Extensions */,
				770456F325152328006CC071 /* Classes */,
				770456EA251522F1006CC071 /* Common.h */,
				770456EB251522F1006CC071 /* Info.plist */,
			);
			path = OnoKit;
			sourceTree = "<group>";
		};
		770456F325152328006CC071 /* Classes */ = {
			isa = PBXGroup;
			children = (
				7704574C25152523006CC071 /* CommonCollectionReusableView.swift */,
				7704574E25152523006CC071 /* CommonCollectionViewCell.swift */,
				7704575125152523006CC071 /* CommonModel.swift */,
				7704575025152523006CC071 /* CommonTableReusableView.swift */,
				7704575225152523006CC071 /* CommonTableViewCell.swift */,
				7704574D25152523006CC071 /* CommonViewController.swift */,
				7704574F25152523006CC071 /* CommonViewModel.swift */,
				77045716251523BD006CC071 /* CommonButton.swift */,
				77045718251523BD006CC071 /* CommonCollectionView.swift */,
				77045717251523BD006CC071 /* CommonCollectionViewHandler.swift */,
				7704571D251523BD006CC071 /* CommonDateFormatter.swift */,
				7704571C251523BD006CC071 /* CommonImageView.swift */,
				7704571F251523BE006CC071 /* CommonLabel.swift */,
				77045715251523BD006CC071 /* CommonScrollView.swift */,
				7704571A251523BD006CC071 /* CommonTableView.swift */,
				7704571B251523BD006CC071 /* CommonTextField.swift */,
				77045719251523BD006CC071 /* CommonTextView.swift */,
				7704571E251523BD006CC071 /* CommonView.swift */,
				7793AA612516729500910FAC /* CommonClosureSleeve.swift */,
				77870C6F25191B850092CE5C /* CommonTableViewHandler.swift */,
				77870CCB251927FC0092CE5C /* CommonTextFieldHandler.swift */,
				776F6E70251ACCAE00C1A84B /* CommonNavigationController.swift */,
				776F6F86251AE54B00C1A84B /* CommonTabBarController.swift */,
			);
			path = Classes;
			sourceTree = "<group>";
		};
		770456F425152330006CC071 /* Extensions */ = {
			isa = PBXGroup;
			children = (
				770456FB25152373006CC071 /* DateExtension.swift */,
				7704570025152373006CC071 /* NSAttributedStringExtension.swift */,
				7704570125152373006CC071 /* NSStringExtension.swift */,
				770456FC25152373006CC071 /* StringExtension.swift */,
				770456F725152372006CC071 /* UIButtonExtension.swift */,
				770456F825152373006CC071 /* UIColorExtension.swift */,
				770456FE25152373006CC071 /* UIImageExtension.swift */,
				7704570325152373006CC071 /* UIImageViewExtension.swift */,
				7704570225152373006CC071 /* UILabelExtension.swift */,
				770456F625152372006CC071 /* UINavigationControllerExtension.swift */,
				770456F925152373006CC071 /* UITextFieldExtension.swift */,
				770456FF25152373006CC071 /* UITextViewExtension.swift */,
				770456FA25152373006CC071 /* UIViewExtension.swift */,
				770456FD25152373006CC071 /* URLExtension.swift */,
				7793AA64251672B600910FAC /* UIControlExtension.swift */,
				7793AB812516CD4E00910FAC /* UICollectionViewExtension.swift */,
				772BF2D925187A9500359479 /* UIScrollViewExtension.swift */,
				77870C6C25191B2A0092CE5C /* UITableViewExtension.swift */,
				774D019A251B0541005F35B2 /* UIFontExtension.swift */,
			);
			path = Extensions;
			sourceTree = "<group>";
		};
		770457302515249E006CC071 /* Resources */ = {
			isa = PBXGroup;
			children = (
				77045731251524AD006CC071 /* Assets.xcassets */,
			);
			path = Resources;
			sourceTree = "<group>";
		};
		776F6E5C251ACB1B00C1A84B /* Managers */ = {
			isa = PBXGroup;
			children = (
				776F6E5D251ACB2700C1A84B /* CommonApplicationManager.swift */,
				776F6E64251ACB7F00C1A84B /* CommonConfigManager.swift */,
				776F6E68251ACBA800C1A84B /* CommonLogManager.swift */,
				776F6E6C251ACC5C00C1A84B /* CommonNavigationManager.swift */,
				776F6E74251ACE6200C1A84B /* CommonFontManager.swift */,
				776F6E78251ACEE700C1A84B /* CommonCacheManager.swift */,
				776F6E7C251AD15B00C1A84B /* CommonStorageManager.swift */,
				776F6E80251AD29000C1A84B /* CommonUtilityManager.swift */,
				776F6E84251AD2C900C1A84B /* CommonColorManager.swift */,
				776F6EA2251AD3DE00C1A84B /* CommonBackendManager.swift */,
			);
			path = Managers;
			sourceTree = "<group>";
		};
		77E9AEDB25198A55002A8538 /* OnoKitTests */ = {
			isa = PBXGroup;
			children = (
				77E9AEDE25198A55002A8538 /* Info.plist */,
				77E9AEF925198BC1002A8538 /* ExampleViewModelTests.swift */,
			);
			path = OnoKitTests;
			sourceTree = "<group>";
		};
		77E9AEE725198A69002A8538 /* Example */ = {
			isa = PBXGroup;
			children = (
				77E9AEE825198A76002A8538 /* ExampleView.swift */,
				77E9AEEE25198A7E002A8538 /* ExampleViewModel.swift */,
				77E9AEF525198A89002A8538 /* ExampleViewController.swift */,
			);
			path = Example;
			sourceTree = "<group>";
		};
		D862A78856655A581D570C6B /* Pods */ = {
			isa = PBXGroup;
			children = (
				E9018241EAA291238C6A90A7 /* Pods-Common.debug.xcconfig */,
				D9B2FECED0ECBEB2F5FCA534 /* Pods-Common.release.xcconfig */,
				969680373C63C20055DFA949 /* Pods-OnoCommon.debug.xcconfig */,
				BBA679E72A357B6E2F971A96 /* Pods-OnoCommon.release.xcconfig */,
				678736D52C2FCD745E0D3315 /* Pods-OnoKit.debug.xcconfig */,
				7020874F68DD9D1C4D9477CE /* Pods-OnoKit.release.xcconfig */,
			);
			path = Pods;
			sourceTree = "<group>";
		};
/* End PBXGroup section */

/* Begin PBXHeadersBuildPhase section */
		770456E2251522F0006CC071 /* Headers */ = {
			isa = PBXHeadersBuildPhase;
			buildActionMask = 2147483647;
			files = (
				770456EC251522F1006CC071 /* Common.h in Headers */,
			);
			runOnlyForDeploymentPostprocessing = 0;
		};
/* End PBXHeadersBuildPhase section */

/* Begin PBXNativeTarget section */
		770456E6251522F0006CC071 /* OnoKit */ = {
			isa = PBXNativeTarget;
			buildConfigurationList = 770456EF251522F1006CC071 /* Build configuration list for PBXNativeTarget "OnoKit" */;
			buildPhases = (
				6E6508F0B757CD7D8C088034 /* [CP] Check Pods Manifest.lock */,
				770456E2251522F0006CC071 /* Headers */,
				770456E3251522F0006CC071 /* Sources */,
				770456E4251522F0006CC071 /* Frameworks */,
				770456E5251522F0006CC071 /* Resources */,
				7704576225152662006CC071 /* ShellScript */,
			);
			buildRules = (
			);
			dependencies = (
			);
			name = OnoKit;
			productName = Common;
			productReference = 770456E7251522F1006CC071 /* OnoKit.framework */;
			productType = "com.apple.product-type.framework";
		};
		77E9AED925198A55002A8538 /* OnoKitTests */ = {
			isa = PBXNativeTarget;
			buildConfigurationList = 77E9AEE425198A55002A8538 /* Build configuration list for PBXNativeTarget "OnoKitTests" */;
			buildPhases = (
				77E9AED625198A55002A8538 /* Sources */,
				77E9AED725198A55002A8538 /* Frameworks */,
				77E9AED825198A55002A8538 /* Resources */,
			);
			buildRules = (
			);
			dependencies = (
				77E9AEE125198A55002A8538 /* PBXTargetDependency */,
			);
			name = OnoKitTests;
			productName = OnoKitTests;
			productReference = 77E9AEDA25198A55002A8538 /* OnoKitTests.xctest */;
			productType = "com.apple.product-type.bundle.unit-test";
		};
/* End PBXNativeTarget section */

/* Begin PBXProject section */
		770456DE251522F0006CC071 /* Project object */ = {
			isa = PBXProject;
			attributes = {
				LastSwiftUpdateCheck = 1200;
				LastUpgradeCheck = 1200;
				TargetAttributes = {
					770456E6251522F0006CC071 = {
						CreatedOnToolsVersion = 12.0;
						LastSwiftMigration = 1200;
					};
					77E9AED925198A55002A8538 = {
						CreatedOnToolsVersion = 12.0;
					};
				};
			};
			buildConfigurationList = 770456E1251522F0006CC071 /* Build configuration list for PBXProject "OnoKit" */;
			compatibilityVersion = "Xcode 9.3";
			developmentRegion = en;
			hasScannedForEncodings = 0;
			knownRegions = (
				en,
				Base,
			);
			mainGroup = 770456DD251522F0006CC071;
			productRefGroup = 770456E8251522F1006CC071 /* Products */;
			projectDirPath = "";
			projectRoot = "";
			targets = (
				770456E6251522F0006CC071 /* OnoKit */,
				77E9AED925198A55002A8538 /* OnoKitTests */,
			);
		};
/* End PBXProject section */

/* Begin PBXResourcesBuildPhase section */
		770456E5251522F0006CC071 /* Resources */ = {
			isa = PBXResourcesBuildPhase;
			buildActionMask = 2147483647;
			files = (
				77045732251524AD006CC071 /* Assets.xcassets in Resources */,
			);
			runOnlyForDeploymentPostprocessing = 0;
		};
		77E9AED825198A55002A8538 /* Resources */ = {
			isa = PBXResourcesBuildPhase;
			buildActionMask = 2147483647;
			files = (
			);
			runOnlyForDeploymentPostprocessing = 0;
		};
/* End PBXResourcesBuildPhase section */

/* Begin PBXShellScriptBuildPhase section */
		6E6508F0B757CD7D8C088034 /* [CP] Check Pods Manifest.lock */ = {
			isa = PBXShellScriptBuildPhase;
			buildActionMask = 2147483647;
			files = (
			);
			inputFileListPaths = (
			);
			inputPaths = (
				"${PODS_PODFILE_DIR_PATH}/Podfile.lock",
				"${PODS_ROOT}/Manifest.lock",
			);
			name = "[CP] Check Pods Manifest.lock";
			outputFileListPaths = (
			);
			outputPaths = (
				"$(DERIVED_FILE_DIR)/Pods-OnoKit-checkManifestLockResult.txt",
			);
			runOnlyForDeploymentPostprocessing = 0;
			shellPath = /bin/sh;
			shellScript = "diff \"${PODS_PODFILE_DIR_PATH}/Podfile.lock\" \"${PODS_ROOT}/Manifest.lock\" > /dev/null\nif [ $? != 0 ] ; then\n    # print error to STDERR\n    echo \"error: The sandbox is not in sync with the Podfile.lock. Run 'pod install' or update your CocoaPods installation.\" >&2\n    exit 1\nfi\n# This output is used by Xcode 'outputs' to avoid re-running this script phase.\necho \"SUCCESS\" > \"${SCRIPT_OUTPUT_FILE_0}\"\n";
			showEnvVarsInLog = 0;
		};
		7704576225152662006CC071 /* ShellScript */ = {
			isa = PBXShellScriptBuildPhase;
			buildActionMask = 2147483647;
			files = (
			);
			inputFileListPaths = (
			);
			inputPaths = (
			);
			outputFileListPaths = (
			);
			outputPaths = (
			);
			runOnlyForDeploymentPostprocessing = 0;
			shellPath = /bin/sh;
			shellScript = "\"${PODS_ROOT}/SwiftLint/swiftlint\"\n";
		};
/* End PBXShellScriptBuildPhase section */

/* Begin PBXSourcesBuildPhase section */
		770456E3251522F0006CC071 /* Sources */ = {
			isa = PBXSourcesBuildPhase;
			buildActionMask = 2147483647;
			files = (
				7704570B25152373006CC071 /* StringExtension.swift in Sources */,
				7793AA65251672B600910FAC /* UIControlExtension.swift in Sources */,
				77870C7025191B850092CE5C /* CommonTableViewHandler.swift in Sources */,
				776F6E6D251ACC5C00C1A84B /* CommonNavigationManager.swift in Sources */,
				7704570A25152373006CC071 /* DateExtension.swift in Sources */,
				77045721251523BE006CC071 /* CommonButton.swift in Sources */,
				7793AB822516CD4E00910FAC /* UICollectionViewExtension.swift in Sources */,
				77045728251523BE006CC071 /* CommonDateFormatter.swift in Sources */,
				7704575725152523006CC071 /* CommonTableReusableView.swift in Sources */,
				776F6E79251ACEE700C1A84B /* CommonCacheManager.swift in Sources */,
				77045727251523BE006CC071 /* CommonImageView.swift in Sources */,
				7704575925152523006CC071 /* CommonTableViewCell.swift in Sources */,
				776F6E69251ACBA800C1A84B /* CommonLogManager.swift in Sources */,
				7704570925152373006CC071 /* UIViewExtension.swift in Sources */,
				776F6E85251AD2C900C1A84B /* CommonColorManager.swift in Sources */,
				77045725251523BE006CC071 /* CommonTableView.swift in Sources */,
				7704575525152523006CC071 /* CommonCollectionViewCell.swift in Sources */,
				77045724251523BE006CC071 /* CommonTextView.swift in Sources */,
				77045722251523BE006CC071 /* CommonCollectionViewHandler.swift in Sources */,
				7704570D25152373006CC071 /* UIImageExtension.swift in Sources */,
				7704571125152373006CC071 /* UILabelExtension.swift in Sources */,
				774D019B251B0541005F35B2 /* UIFontExtension.swift in Sources */,
				77045726251523BE006CC071 /* CommonTextField.swift in Sources */,
				776F6E75251ACE6200C1A84B /* CommonFontManager.swift in Sources */,
				77E9AEEF25198A7E002A8538 /* ExampleViewModel.swift in Sources */,
				7704575625152523006CC071 /* CommonViewModel.swift in Sources */,
				776F6E7D251AD15B00C1A84B /* CommonStorageManager.swift in Sources */,
				7704575325152523006CC071 /* CommonCollectionReusableView.swift in Sources */,
				7704571225152373006CC071 /* UIImageViewExtension.swift in Sources */,
				776F6F87251AE54B00C1A84B /* CommonTabBarController.swift in Sources */,
				7704570F25152373006CC071 /* NSAttributedStringExtension.swift in Sources */,
				7704575425152523006CC071 /* CommonViewController.swift in Sources */,
				77E9AEE925198A76002A8538 /* ExampleView.swift in Sources */,
				77870C6D25191B2A0092CE5C /* UITableViewExtension.swift in Sources */,
				7704570C25152373006CC071 /* URLExtension.swift in Sources */,
				7704575825152523006CC071 /* CommonModel.swift in Sources */,
				776F6EA3251AD3DE00C1A84B /* CommonBackendManager.swift in Sources */,
				7704572A251523BE006CC071 /* CommonLabel.swift in Sources */,
				776F6E71251ACCAE00C1A84B /* CommonNavigationController.swift in Sources */,
				776F6E5E251ACB2700C1A84B /* CommonApplicationManager.swift in Sources */,
				772BF2DA25187A9500359479 /* UIScrollViewExtension.swift in Sources */,
				7704571025152373006CC071 /* NSStringExtension.swift in Sources */,
				77045723251523BE006CC071 /* CommonCollectionView.swift in Sources */,
				77E9AEF625198A89002A8538 /* ExampleViewController.swift in Sources */,
				7704570525152373006CC071 /* UINavigationControllerExtension.swift in Sources */,
				7704570E25152373006CC071 /* UITextViewExtension.swift in Sources */,
				7704570825152373006CC071 /* UITextFieldExtension.swift in Sources */,
				776F6E65251ACB7F00C1A84B /* CommonConfigManager.swift in Sources */,
				77045720251523BE006CC071 /* CommonScrollView.swift in Sources */,
				7704570625152373006CC071 /* UIButtonExtension.swift in Sources */,
				7704570725152373006CC071 /* UIColorExtension.swift in Sources */,
				7793AA622516729500910FAC /* CommonClosureSleeve.swift in Sources */,
				776F6E81251AD29000C1A84B /* CommonUtilityManager.swift in Sources */,
				77045729251523BE006CC071 /* CommonView.swift in Sources */,
				77870CCC251927FC0092CE5C /* CommonTextFieldHandler.swift in Sources */,
			);
			runOnlyForDeploymentPostprocessing = 0;
		};
		77E9AED625198A55002A8538 /* Sources */ = {
			isa = PBXSourcesBuildPhase;
			buildActionMask = 2147483647;
			files = (
				77E9AEFA25198BC1002A8538 /* ExampleViewModelTests.swift in Sources */,
			);
			runOnlyForDeploymentPostprocessing = 0;
		};
/* End PBXSourcesBuildPhase section */

/* Begin PBXTargetDependency section */
		77E9AEE125198A55002A8538 /* PBXTargetDependency */ = {
			isa = PBXTargetDependency;
			platformFilter = ios;
			target = 770456E6251522F0006CC071 /* OnoKit */;
			targetProxy = 77E9AEE025198A55002A8538 /* PBXContainerItemProxy */;
		};
/* End PBXTargetDependency section */

/* Begin XCBuildConfiguration section */
		770456ED251522F1006CC071 /* Debug */ = {
			isa = XCBuildConfiguration;
			buildSettings = {
				ALWAYS_SEARCH_USER_PATHS = NO;
				CLANG_ANALYZER_NONNULL = YES;
				CLANG_ANALYZER_NUMBER_OBJECT_CONVERSION = YES_AGGRESSIVE;
				CLANG_CXX_LANGUAGE_STANDARD = "gnu++14";
				CLANG_CXX_LIBRARY = "libc++";
				CLANG_ENABLE_MODULES = YES;
				CLANG_ENABLE_OBJC_ARC = YES;
				CLANG_ENABLE_OBJC_WEAK = YES;
				CLANG_WARN_BLOCK_CAPTURE_AUTORELEASING = YES;
				CLANG_WARN_BOOL_CONVERSION = YES;
				CLANG_WARN_COMMA = YES;
				CLANG_WARN_CONSTANT_CONVERSION = YES;
				CLANG_WARN_DEPRECATED_OBJC_IMPLEMENTATIONS = YES;
				CLANG_WARN_DIRECT_OBJC_ISA_USAGE = YES_ERROR;
				CLANG_WARN_DOCUMENTATION_COMMENTS = YES;
				CLANG_WARN_EMPTY_BODY = YES;
				CLANG_WARN_ENUM_CONVERSION = YES;
				CLANG_WARN_INFINITE_RECURSION = YES;
				CLANG_WARN_INT_CONVERSION = YES;
				CLANG_WARN_NON_LITERAL_NULL_CONVERSION = YES;
				CLANG_WARN_OBJC_IMPLICIT_RETAIN_SELF = YES;
				CLANG_WARN_OBJC_LITERAL_CONVERSION = YES;
				CLANG_WARN_OBJC_ROOT_CLASS = YES_ERROR;
				CLANG_WARN_QUOTED_INCLUDE_IN_FRAMEWORK_HEADER = YES;
				CLANG_WARN_RANGE_LOOP_ANALYSIS = YES;
				CLANG_WARN_STRICT_PROTOTYPES = YES;
				CLANG_WARN_SUSPICIOUS_MOVE = YES;
				CLANG_WARN_UNGUARDED_AVAILABILITY = YES_AGGRESSIVE;
				CLANG_WARN_UNREACHABLE_CODE = YES;
				CLANG_WARN__DUPLICATE_METHOD_MATCH = YES;
				COPY_PHASE_STRIP = NO;
				CURRENT_PROJECT_VERSION = 1;
				DEBUG_INFORMATION_FORMAT = dwarf;
				ENABLE_STRICT_OBJC_MSGSEND = YES;
				ENABLE_TESTABILITY = YES;
				GCC_C_LANGUAGE_STANDARD = gnu11;
				GCC_DYNAMIC_NO_PIC = NO;
				GCC_NO_COMMON_BLOCKS = YES;
				GCC_OPTIMIZATION_LEVEL = 0;
				GCC_PREPROCESSOR_DEFINITIONS = (
					"DEBUG=1",
					"$(inherited)",
				);
				GCC_WARN_64_TO_32_BIT_CONVERSION = YES;
				GCC_WARN_ABOUT_RETURN_TYPE = YES_ERROR;
				GCC_WARN_UNDECLARED_SELECTOR = YES;
				GCC_WARN_UNINITIALIZED_AUTOS = YES_AGGRESSIVE;
				GCC_WARN_UNUSED_FUNCTION = YES;
				GCC_WARN_UNUSED_VARIABLE = YES;
				IPHONEOS_DEPLOYMENT_TARGET = 14.0;
				MTL_ENABLE_DEBUG_INFO = INCLUDE_SOURCE;
				MTL_FAST_MATH = YES;
				ONLY_ACTIVE_ARCH = YES;
				SDKROOT = iphoneos;
				SWIFT_ACTIVE_COMPILATION_CONDITIONS = DEBUG;
				SWIFT_OPTIMIZATION_LEVEL = "-Onone";
				VERSIONING_SYSTEM = "apple-generic";
				VERSION_INFO_PREFIX = "";
			};
			name = Debug;
		};
		770456EE251522F1006CC071 /* Release */ = {
			isa = XCBuildConfiguration;
			buildSettings = {
				ALWAYS_SEARCH_USER_PATHS = NO;
				CLANG_ANALYZER_NONNULL = YES;
				CLANG_ANALYZER_NUMBER_OBJECT_CONVERSION = YES_AGGRESSIVE;
				CLANG_CXX_LANGUAGE_STANDARD = "gnu++14";
				CLANG_CXX_LIBRARY = "libc++";
				CLANG_ENABLE_MODULES = YES;
				CLANG_ENABLE_OBJC_ARC = YES;
				CLANG_ENABLE_OBJC_WEAK = YES;
				CLANG_WARN_BLOCK_CAPTURE_AUTORELEASING = YES;
				CLANG_WARN_BOOL_CONVERSION = YES;
				CLANG_WARN_COMMA = YES;
				CLANG_WARN_CONSTANT_CONVERSION = YES;
				CLANG_WARN_DEPRECATED_OBJC_IMPLEMENTATIONS = YES;
				CLANG_WARN_DIRECT_OBJC_ISA_USAGE = YES_ERROR;
				CLANG_WARN_DOCUMENTATION_COMMENTS = YES;
				CLANG_WARN_EMPTY_BODY = YES;
				CLANG_WARN_ENUM_CONVERSION = YES;
				CLANG_WARN_INFINITE_RECURSION = YES;
				CLANG_WARN_INT_CONVERSION = YES;
				CLANG_WARN_NON_LITERAL_NULL_CONVERSION = YES;
				CLANG_WARN_OBJC_IMPLICIT_RETAIN_SELF = YES;
				CLANG_WARN_OBJC_LITERAL_CONVERSION = YES;
				CLANG_WARN_OBJC_ROOT_CLASS = YES_ERROR;
				CLANG_WARN_QUOTED_INCLUDE_IN_FRAMEWORK_HEADER = YES;
				CLANG_WARN_RANGE_LOOP_ANALYSIS = YES;
				CLANG_WARN_STRICT_PROTOTYPES = YES;
				CLANG_WARN_SUSPICIOUS_MOVE = YES;
				CLANG_WARN_UNGUARDED_AVAILABILITY = YES_AGGRESSIVE;
				CLANG_WARN_UNREACHABLE_CODE = YES;
				CLANG_WARN__DUPLICATE_METHOD_MATCH = YES;
				COPY_PHASE_STRIP = NO;
				CURRENT_PROJECT_VERSION = 1;
				DEBUG_INFORMATION_FORMAT = "dwarf-with-dsym";
				ENABLE_NS_ASSERTIONS = NO;
				ENABLE_STRICT_OBJC_MSGSEND = YES;
				GCC_C_LANGUAGE_STANDARD = gnu11;
				GCC_NO_COMMON_BLOCKS = YES;
				GCC_WARN_64_TO_32_BIT_CONVERSION = YES;
				GCC_WARN_ABOUT_RETURN_TYPE = YES_ERROR;
				GCC_WARN_UNDECLARED_SELECTOR = YES;
				GCC_WARN_UNINITIALIZED_AUTOS = YES_AGGRESSIVE;
				GCC_WARN_UNUSED_FUNCTION = YES;
				GCC_WARN_UNUSED_VARIABLE = YES;
				IPHONEOS_DEPLOYMENT_TARGET = 14.0;
				MTL_ENABLE_DEBUG_INFO = NO;
				MTL_FAST_MATH = YES;
				SDKROOT = iphoneos;
				SWIFT_COMPILATION_MODE = wholemodule;
				SWIFT_OPTIMIZATION_LEVEL = "-O";
				VALIDATE_PRODUCT = YES;
				VERSIONING_SYSTEM = "apple-generic";
				VERSION_INFO_PREFIX = "";
			};
			name = Release;
		};
		770456F0251522F1006CC071 /* Debug */ = {
			isa = XCBuildConfiguration;
			baseConfigurationReference = 678736D52C2FCD745E0D3315 /* Pods-OnoKit.debug.xcconfig */;
			buildSettings = {
				CLANG_ENABLE_MODULES = YES;
				CODE_SIGN_STYLE = Manual;
				DEFINES_MODULE = YES;
				DEVELOPMENT_TEAM = "";
				DYLIB_COMPATIBILITY_VERSION = 1;
				DYLIB_CURRENT_VERSION = 1;
				DYLIB_INSTALL_NAME_BASE = "@rpath";
				INFOPLIST_FILE = "$(SRCROOT)/OnoKit/Info.plist";
				INSTALL_PATH = "$(LOCAL_LIBRARY_DIR)/Frameworks";
				IPHONEOS_DEPLOYMENT_TARGET = 13.0;
				LD_RUNPATH_SEARCH_PATHS = (
					"$(inherited)",
					"@executable_path/Frameworks",
					"@loader_path/Frameworks",
				);
				MARKETING_VERSION = 1.0.15;
				PRODUCT_BUNDLE_IDENTIFIER = com.ono.common;
				PRODUCT_NAME = "$(TARGET_NAME:c99extidentifier)";
				PROVISIONING_PROFILE_SPECIFIER = "";
				SKIP_INSTALL = YES;
				SUPPORTS_MACCATALYST = NO;
				SWIFT_OPTIMIZATION_LEVEL = "-Onone";
				SWIFT_VERSION = 5.0;
				TARGETED_DEVICE_FAMILY = "1,2";
			};
			name = Debug;
		};
		770456F1251522F1006CC071 /* Release */ = {
			isa = XCBuildConfiguration;
			baseConfigurationReference = 7020874F68DD9D1C4D9477CE /* Pods-OnoKit.release.xcconfig */;
			buildSettings = {
				CLANG_ENABLE_MODULES = YES;
				CODE_SIGN_STYLE = Manual;
				DEFINES_MODULE = YES;
				DEVELOPMENT_TEAM = "";
				DYLIB_COMPATIBILITY_VERSION = 1;
				DYLIB_CURRENT_VERSION = 1;
				DYLIB_INSTALL_NAME_BASE = "@rpath";
				INFOPLIST_FILE = "$(SRCROOT)/OnoKit/Info.plist";
				INSTALL_PATH = "$(LOCAL_LIBRARY_DIR)/Frameworks";
				IPHONEOS_DEPLOYMENT_TARGET = 13.0;
				LD_RUNPATH_SEARCH_PATHS = (
					"$(inherited)",
					"@executable_path/Frameworks",
					"@loader_path/Frameworks",
				);
				MARKETING_VERSION = 1.0.15;
				PRODUCT_BUNDLE_IDENTIFIER = com.ono.common;
				PRODUCT_NAME = "$(TARGET_NAME:c99extidentifier)";
				PROVISIONING_PROFILE_SPECIFIER = "";
				SKIP_INSTALL = YES;
				SUPPORTS_MACCATALYST = NO;
				SWIFT_VERSION = 5.0;
				TARGETED_DEVICE_FAMILY = "1,2";
			};
			name = Release;
		};
		77E9AEE225198A55002A8538 /* Debug */ = {
			isa = XCBuildConfiguration;
			buildSettings = {
				CODE_SIGN_STYLE = Automatic;
				INFOPLIST_FILE = OnoKitTests/Info.plist;
				LD_RUNPATH_SEARCH_PATHS = (
					"$(inherited)",
					"@executable_path/Frameworks",
					"@loader_path/Frameworks",
				);
				PRODUCT_BUNDLE_IDENTIFIER = com.ono.common.OnoKitTests;
				PRODUCT_NAME = "$(TARGET_NAME)";
				SWIFT_VERSION = 5.0;
				TARGETED_DEVICE_FAMILY = "1,2";
			};
			name = Debug;
		};
		77E9AEE325198A55002A8538 /* Release */ = {
			isa = XCBuildConfiguration;
			buildSettings = {
				CODE_SIGN_STYLE = Automatic;
				INFOPLIST_FILE = OnoKitTests/Info.plist;
				LD_RUNPATH_SEARCH_PATHS = (
					"$(inherited)",
					"@executable_path/Frameworks",
					"@loader_path/Frameworks",
				);
				PRODUCT_BUNDLE_IDENTIFIER = com.ono.common.OnoKitTests;
				PRODUCT_NAME = "$(TARGET_NAME)";
				SWIFT_VERSION = 5.0;
				TARGETED_DEVICE_FAMILY = "1,2";
			};
			name = Release;
		};
/* End XCBuildConfiguration section */

/* Begin XCConfigurationList section */
		770456E1251522F0006CC071 /* Build configuration list for PBXProject "OnoKit" */ = {
			isa = XCConfigurationList;
			buildConfigurations = (
				770456ED251522F1006CC071 /* Debug */,
				770456EE251522F1006CC071 /* Release */,
			);
			defaultConfigurationIsVisible = 0;
			defaultConfigurationName = Release;
		};
		770456EF251522F1006CC071 /* Build configuration list for PBXNativeTarget "OnoKit" */ = {
			isa = XCConfigurationList;
			buildConfigurations = (
				770456F0251522F1006CC071 /* Debug */,
				770456F1251522F1006CC071 /* Release */,
			);
			defaultConfigurationIsVisible = 0;
			defaultConfigurationName = Release;
		};
		77E9AEE425198A55002A8538 /* Build configuration list for PBXNativeTarget "OnoKitTests" */ = {
			isa = XCConfigurationList;
			buildConfigurations = (
				77E9AEE225198A55002A8538 /* Debug */,
				77E9AEE325198A55002A8538 /* Release */,
			);
			defaultConfigurationIsVisible = 0;
			defaultConfigurationName = Release;
		};
/* End XCConfigurationList section */
	};
	rootObject = 770456DE251522F0006CC071 /* Project object */;
}
